
Microsoft Visual Studio Solution File, Format Version 12.00
# Visual Studio Version 16
VisualStudioVersion = 16.0.29306.81
MinimumVisualStudioVersion = 10.0.40219.1
Project("{FAE04EC0-301F-11D3-BF4B-00C04F79EFBC}") = "WeatherApp.Android", "WeatherApp\WeatherApp.Android\WeatherApp.Android.csproj", "{E2E7C74F-F827-4E9B-B256-4CC36FA2E84C}"
EndProject
Project("{FAE04EC0-301F-11D3-BF4B-00C04F79EFBC}") = "WeatherApp.iOS", "WeatherApp\WeatherApp.iOS\WeatherApp.iOS.csproj", "{76B093CB-644D-43A2-BCAA-3E55818C9F8E}"
EndProject
Project("{9A19103F-16F7-4668-BE54-9A1E7A4F7556}") = "WeatherApp", "WeatherApp\WeatherApp\WeatherApp.csproj", "{B37C20AF-61C8-47B5-A66C-B89BD45F8AF0}"
EndProject
Global
	GlobalSection(SolutionConfigurationPlatforms) = preSolution
		Debug|Any CPU = Debug|Any CPU
		Debug|iPhone = Debug|iPhone
		Debug|iPhoneSimulator = Debug|iPhoneSimulator
		Release|Any CPU = Release|Any CPU
		Release|iPhone = Release|iPhone
		Release|iPhoneSimulator = Release|iPhoneSimulator
	EndGlobalSection
	GlobalSection(ProjectConfigurationPlatforms) = postSolution
		{E2E7C74F-F827-4E9B-B256-4CC36FA2E84C}.Debug|Any CPU.ActiveCfg = Debug|Any CPU
		{E2E7C74F-F827-4E9B-B256-4CC36FA2E84C}.Debug|Any CPU.Build.0 = Debug|Any CPU
		{E2E7C74F-F827-4E9B-B256-4CC36FA2E84C}.Debug|Any CPU.Deploy.0 = Debug|Any CPU
		{E2E7C74F-F827-4E9B-B256-4CC36FA2E84C}.Debug|iPhone.ActiveCfg = Debug|Any CPU
		{E2E7C74F-F827-4E9B-B256-4CC36FA2E84C}.Debug|iPhone.Build.0 = Debug|Any CPU
		{E2E7C74F-F827-4E9B-B256-4CC36FA2E84C}.Debug|iPhone.Deploy.0 = Debug|Any CPU
		{E2E7C74F-F827-4E9B-B256-4CC36FA2E84C}.Debug|iPhoneSimulator.ActiveCfg = Debug|Any CPU
		{E2E7C74F-F827-4E9B-B256-4CC36FA2E84C}.Debug|iPhoneSimulator.Build.0 = Debug|Any CPU
		{E2E7C74F-F827-4E9B-B256-4CC36FA2E84C}.Debug|iPhoneSimulator.Deploy.0 = Debug|Any CPU
		{E2E7C74F-F827-4E9B-B256-4CC36FA2E84C}.Release|Any CPU.ActiveCfg = Release|Any CPU
		{E2E7C74F-F827-4E9B-B256-4CC36FA2E84C}.Release|Any CPU.Build.0 = Release|Any CPU
		{E2E7C74F-F827-4E9B-B256-4CC36FA2E84C}.Release|Any CPU.Deploy.0 = Release|Any CPU
		{E2E7C74F-F827-4E9B-B256-4CC36FA2E84C}.Release|iPhone.ActiveCfg = Release|Any CPU
		{E2E7C74F-F827-4E9B-B256-4CC36FA2E84C}.Release|iPhone.Build.0 = Release|Any CPU
		{E2E7C74F-F827-4E9B-B256-4CC36FA2E84C}.Release|iPhone.Deploy.0 = Release|Any CPU
		{E2E7C74F-F827-4E9B-B256-4CC36FA2E84C}.Release|iPhoneSimulator.ActiveCfg = Release|Any CPU
		{E2E7C74F-F827-4E9B-B256-4CC36FA2E84C}.Release|iPhoneSimulator.Build.0 = Release|Any CPU
		{E2E7C74F-F827-4E9B-B256-4CC36FA2E84C}.Release|iPhoneSimulator.Deploy.0 = Release|Any CPU
		{76B093CB-644D-43A2-BCAA-3E55818C9F8E}.Debug|Any CPU.ActiveCfg = Debug|iPhoneSimulator
		{76B093CB-644D-43A2-BCAA-3E55818C9F8E}.Debug|Any CPU.Deploy.0 = Debug|iPhoneSimulator
		{76B093CB-644D-43A2-BCAA-3E55818C9F8E}.Debug|iPhone.ActiveCfg = Debug|iPhone
		{76B093CB-644D-43A2-BCAA-3E55818C9F8E}.Debug|iPhone.Build.0 = Debug|iPhone
		{76B093CB-644D-43A2-BCAA-3E55818C9F8E}.Debug|iPhone.Deploy.0 = Debug|iPhone
		{76B093CB-644D-43A2-BCAA-3E55818C9F8E}.Debug|iPhoneSimulator.ActiveCfg = Debug|iPhoneSimulator
		{76B093CB-644D-43A2-BCAA-3E55818C9F8E}.Debug|iPhoneSimulator.Build.0 = Debug|iPhoneSimulator
		{76B093CB-644D-43A2-BCAA-3E55818C9F8E}.Debug|iPhoneSimulator.Deploy.0 = Debug|iPhoneSimulator
		{76B093CB-644D-43A2-BCAA-3E55818C9F8E}.Release|Any CPU.ActiveCfg = Release|iPhone
		{76B093CB-644D-43A2-BCAA-3E55818C9F8E}.Release|Any CPU.Build.0 = Release|iPhone
		{76B093CB-644D-43A2-BCAA-3E55818C9F8E}.Release|Any CPU.Deploy.0 = Release|iPhone
		{76B093CB-644D-43A2-BCAA-3E55818C9F8E}.Release|iPhone.ActiveCfg = Release|iPhone
		{76B093CB-644D-43A2-BCAA-3E55818C9F8E}.Release|iPhone.Build.0 = Release|iPhone
		{76B093CB-644D-43A2-BCAA-3E55818C9F8E}.Release|iPhone.Deploy.0 = Release|iPhone
		{76B093CB-644D-43A2-BCAA-3E55818C9F8E}.Release|iPhoneSimulator.ActiveCfg = Release|iPhoneSimulator
		{76B093CB-644D-43A2-BCAA-3E55818C9F8E}.Release|iPhoneSimulator.Build.0 = Release|iPhoneSimulator
		{76B093CB-644D-43A2-BCAA-3E55818C9F8E}.Release|iPhoneSimulator.Deploy.0 = Release|iPhoneSimulator
		{B37C20AF-61C8-47B5-A66C-B89BD45F8AF0}.Debug|Any CPU.ActiveCfg = Debug|Any CPU
		{B37C20AF-61C8-47B5-A66C-B89BD45F8AF0}.Debug|Any CPU.Build.0 = Debug|Any CPU
		{B37C20AF-61C8-47B5-A66C-B89BD45F8AF0}.Debug|Any CPU.Deploy.0 = Debug|Any CPU
		{B37C20AF-61C8-47B5-A66C-B89BD45F8AF0}.Debug|iPhone.ActiveCfg = Debug|Any CPU
		{B37C20AF-61C8-47B5-A66C-B89BD45F8AF0}.Debug|iPhone.Build.0 = Debug|Any CPU
		{B37C20AF-61C8-47B5-A66C-B89BD45F8AF0}.Debug|iPhone.Deploy.0 = Debug|Any CPU
		{B37C20AF-61C8-47B5-A66C-B89BD45F8AF0}.Debug|iPhoneSimulator.ActiveCfg = Debug|Any CPU
		{B37C20AF-61C8-47B5-A66C-B89BD45F8AF0}.Debug|iPhoneSimulator.Build.0 = Debug|Any CPU
		{B37C20AF-61C8-47B5-A66C-B89BD45F8AF0}.Debug|iPhoneSimulator.Deploy.0 = Debug|Any CPU
		{B37C20AF-61C8-47B5-A66C-B89BD45F8AF0}.Release|Any CPU.ActiveCfg = Release|Any CPU
		{B37C20AF-61C8-47B5-A66C-B89BD45F8AF0}.Release|Any CPU.Build.0 = Release|Any CPU
		{B37C20AF-61C8-47B5-A66C-B89BD45F8AF0}.Release|Any CPU.Deploy.0 = Release|Any CPU
		{B37C20AF-61C8-47B5-A66C-B89BD45F8AF0}.Release|iPhone.ActiveCfg = Release|Any CPU
		{B37C20AF-61C8-47B5-A66C-B89BD45F8AF0}.Release|iPhone.Build.0 = Release|Any CPU
		{B37C20AF-61C8-47B5-A66C-B89BD45F8AF0}.Release|iPhone.Deploy.0 = Release|Any CPU
		{B37C20AF-61C8-47B5-A66C-B89BD45F8AF0}.Release|iPhoneSimulator.ActiveCfg = Release|Any CPU
		{B37C20AF-61C8-47B5-A66C-B89BD45F8AF0}.Release|iPhoneSimulator.Build.0 = Release|Any CPU
		{B37C20AF-61C8-47B5-A66C-B89BD45F8AF0}.Release|iPhoneSimulator.Deploy.0 = Release|Any CPU
	EndGlobalSection
	GlobalSection(SolutionProperties) = preSolution
		HideSolutionNode = FALSE
	EndGlobalSection
	GlobalSection(ExtensibilityGlobals) = postSolution
		SolutionGuid = {229BF47F-6A06-4AFD-91EC-A5E72AE73455}
	EndGlobalSection
EndGlobal
